
Microsoft Visual Studio Solution File, Format Version 12.00
# Visual Studio Version 16
VisualStudioVersion = 16.0.30611.23
MinimumVisualStudioVersion = 10.0.40219.1
Project("{FAE04EC0-301F-11D3-BF4B-00C04F79EFBC}") = "JogoDUDU", "JogoDUDU\JogoDUDU.csproj", "{7A928CB1-876B-448B-95D3-4E8D50B30A8B}"
EndProject
Global
	GlobalSection(SolutionConfigurationPlatforms) = preSolution
		Debug|Any CPU = Debug|Any CPU
		Release|Any CPU = Release|Any CPU
	EndGlobalSection
	GlobalSection(ProjectConfigurationPlatforms) = postSolution
		{7A928CB1-876B-448B-95D3-4E8D50B30A8B}.Debug|Any CPU.ActiveCfg = Debug|Any CPU
		{7A928CB1-876B-448B-95D3-4E8D50B30A8B}.Debug|Any CPU.Build.0 = Debug|Any CPU
		{7A928CB1-876B-448B-95D3-4E8D50B30A8B}.Release|Any CPU.ActiveCfg = Release|Any CPU
		{7A928CB1-876B-448B-95D3-4E8D50B30A8B}.Release|Any CPU.Build.0 = Release|Any CPU
	EndGlobalSection
	GlobalSection(SolutionProperties) = preSolution
		HideSolutionNode = FALSE
	EndGlobalSection
	GlobalSection(ExtensibilityGlobals) = postSolution
		SolutionGuid = {66D8043C-16D0-4819-A8C5-637ADF9E2795}
	EndGlobalSection
EndGlobal
